
Microsoft Visual Studio Solution File, Format Version 12.00
# Visual Studio Version 17
VisualStudioVersion = 17.9.34616.47
MinimumVisualStudioVersion = 10.0.40219.1
Project("{FAE04EC0-301F-11D3-BF4B-00C04F79EFBC}") = "Project_GGG", "Project_GGG\Project_GGG.csproj", "{8EEB6D63-7CDE-4481-8474-F2C53428464D}"
EndProject
Global
	GlobalSection(SolutionConfigurationPlatforms) = preSolution
		Debug|Any CPU = Debug|Any CPU
		Release|Any CPU = Release|Any CPU
	EndGlobalSection
	GlobalSection(ProjectConfigurationPlatforms) = postSolution
		{8EEB6D63-7CDE-4481-8474-F2C53428464D}.Debug|Any CPU.ActiveCfg = Debug|Any CPU
		{8EEB6D63-7CDE-4481-8474-F2C53428464D}.Debug|Any CPU.Build.0 = Debug|Any CPU
		{8EEB6D63-7CDE-4481-8474-F2C53428464D}.Release|Any CPU.ActiveCfg = Release|Any CPU
		{8EEB6D63-7CDE-4481-8474-F2C53428464D}.Release|Any CPU.Build.0 = Release|Any CPU
	EndGlobalSection
	GlobalSection(SolutionProperties) = preSolution
		HideSolutionNode = FALSE
	EndGlobalSection
	GlobalSection(ExtensibilityGlobals) = postSolution
		SolutionGuid = {A442851D-AE8D-42D9-B9A1-97021C1C5859}
	EndGlobalSection
EndGlobal
